// !$*UTF8*$!
{
	archiveVersion = 1;
	classes = {
	};
	objectVersion = 55;
	objects = {

/* Begin PBXBuildFile section */
		447D441C2703377C00302C5B /* AppDelegate.swift in Sources */ = {isa = PBXBuildFile; fileRef = 447D441B2703377C00302C5B /* AppDelegate.swift */; };
		447D441E2703377C00302C5B /* SceneDelegate.swift in Sources */ = {isa = PBXBuildFile; fileRef = 447D441D2703377C00302C5B /* SceneDelegate.swift */; };
		447D44202703377C00302C5B /* MainViewController.swift in Sources */ = {isa = PBXBuildFile; fileRef = 447D441F2703377C00302C5B /* MainViewController.swift */; };
		447D44232703377C00302C5B /* Main.storyboard in Resources */ = {isa = PBXBuildFile; fileRef = 447D44212703377C00302C5B /* Main.storyboard */; };
		447D44252703378100302C5B /* Assets.xcassets in Resources */ = {isa = PBXBuildFile; fileRef = 447D44242703378100302C5B /* Assets.xcassets */; };
		447D44282703378100302C5B /* LaunchScreen.storyboard in Resources */ = {isa = PBXBuildFile; fileRef = 447D44262703378100302C5B /* LaunchScreen.storyboard */; };
		447D443427044C5900302C5B /* CurrentWeatherData.swift in Sources */ = {isa = PBXBuildFile; fileRef = 447D443327044C5900302C5B /* CurrentWeatherData.swift */; };
		447D44372704858A00302C5B /* UIView+Extension.swift in Sources */ = {isa = PBXBuildFile; fileRef = 447D44362704858A00302C5B /* UIView+Extension.swift */; };
		447D44392704A5DD00302C5B /* SettingsViewController.swift in Sources */ = {isa = PBXBuildFile; fileRef = 447D44382704A5DD00302C5B /* SettingsViewController.swift */; };
		448170B1271B5F1300EF52C6 /* WeatherViewByDay.xib in Resources */ = {isa = PBXBuildFile; fileRef = 448170B0271B5F1300EF52C6 /* WeatherViewByDay.xib */; };
		448170B3271B5F4000EF52C6 /* WeatherViewByDay.swift in Sources */ = {isa = PBXBuildFile; fileRef = 448170B2271B5F4000EF52C6 /* WeatherViewByDay.swift */; };
		448170B5271B6D5500EF52C6 /* WeatherViewByTime.swift in Sources */ = {isa = PBXBuildFile; fileRef = 448170B4271B6D5500EF52C6 /* WeatherViewByTime.swift */; };
		448170B7271B6D7000EF52C6 /* WeatherViewByTime.xib in Resources */ = {isa = PBXBuildFile; fileRef = 448170B6271B6D7000EF52C6 /* WeatherViewByTime.xib */; };
		448170B9271C440700EF52C6 /* LeftView.xib in Resources */ = {isa = PBXBuildFile; fileRef = 448170B8271C440700EF52C6 /* LeftView.xib */; };
		448170BB271C442300EF52C6 /* LeftView.swift in Sources */ = {isa = PBXBuildFile; fileRef = 448170BA271C442300EF52C6 /* LeftView.swift */; };
		448170BD271C49AE00EF52C6 /* RightView.swift in Sources */ = {isa = PBXBuildFile; fileRef = 448170BC271C49AE00EF52C6 /* RightView.swift */; };
		448170BF271C49D300EF52C6 /* RightView.xib in Resources */ = {isa = PBXBuildFile; fileRef = 448170BE271C49D300EF52C6 /* RightView.xib */; };
		448170C1271E155E00EF52C6 /* CurrentWeatherCoordinate.swift in Sources */ = {isa = PBXBuildFile; fileRef = 448170C0271E155E00EF52C6 /* CurrentWeatherCoordinate.swift */; };
		448170C3271F0BC900EF52C6 /* MainViewController+alertController.swift in Sources */ = {isa = PBXBuildFile; fileRef = 448170C2271F0BC900EF52C6 /* MainViewController+alertController.swift */; };
		448170C82728A8B000EF52C6 /* RxSwift in Frameworks */ = {isa = PBXBuildFile; productRef = 448170C72728A8B000EF52C6 /* RxSwift */; };
		44AA76122705287700BD27FA /* LocationViewController+Extension.swift in Sources */ = {isa = PBXBuildFile; fileRef = 44AA76112705287700BD27FA /* LocationViewController+Extension.swift */; };
		44AA76152705EA5800BD27FA /* CurrentWeather.swift in Sources */ = {isa = PBXBuildFile; fileRef = 44AA76142705EA5800BD27FA /* CurrentWeather.swift */; };
		44B355402729EBD700C735D3 /* TopView.swift in Sources */ = {isa = PBXBuildFile; fileRef = 44B3553F2729EBD700C735D3 /* TopView.swift */; };
		44B355422729EBF000C735D3 /* TopView.xib in Resources */ = {isa = PBXBuildFile; fileRef = 44B355412729EBF000C735D3 /* TopView.xib */; };
		44B355442729EC4700C735D3 /* BottomView.swift in Sources */ = {isa = PBXBuildFile; fileRef = 44B355432729EC4700C735D3 /* BottomView.swift */; };
		44B355462729EC5600C735D3 /* BottomView.xib in Resources */ = {isa = PBXBuildFile; fileRef = 44B355452729EC5600C735D3 /* BottomView.xib */; };
		44D96098271833CA00089C29 /* LocationTableViewCell.swift in Sources */ = {isa = PBXBuildFile; fileRef = 44D96096271833CA00089C29 /* LocationTableViewCell.swift */; };
		44D96099271833CA00089C29 /* LocationTableViewCell.xib in Resources */ = {isa = PBXBuildFile; fileRef = 44D96097271833CA00089C29 /* LocationTableViewCell.xib */; };
		44E55C52270C4BF4009EF745 /* NetworkWeatherManager.swift in Sources */ = {isa = PBXBuildFile; fileRef = 44E55C51270C4BF4009EF745 /* NetworkWeatherManager.swift */; };
		44E55C54270C4C49009EF745 /* Constants.swift in Sources */ = {isa = PBXBuildFile; fileRef = 44E55C53270C4C49009EF745 /* Constants.swift */; };
		44E55C56270C6D66009EF745 /* MainViewController+Extension.swift in Sources */ = {isa = PBXBuildFile; fileRef = 44E55C55270C6D66009EF745 /* MainViewController+Extension.swift */; };
		44EE9CD12704DFB100E388AD /* MapViewController.swift in Sources */ = {isa = PBXBuildFile; fileRef = 44EE9CD02704DFB100E388AD /* MapViewController.swift */; };
		44EE9CD32704EEDB00E388AD /* LocationViewController.swift in Sources */ = {isa = PBXBuildFile; fileRef = 44EE9CD22704EEDB00E388AD /* LocationViewController.swift */; };
/* End PBXBuildFile section */

/* Begin PBXFileReference section */
		447D44182703377B00302C5B /* WeatherApp.app */ = {isa = PBXFileReference; explicitFileType = wrapper.application; includeInIndex = 0; path = WeatherApp.app; sourceTree = BUILT_PRODUCTS_DIR; };
		447D441B2703377C00302C5B /* AppDelegate.swift */ = {isa = PBXFileReference; lastKnownFileType = sourcecode.swift; path = AppDelegate.swift; sourceTree = "<group>"; };
		447D441D2703377C00302C5B /* SceneDelegate.swift */ = {isa = PBXFileReference; lastKnownFileType = sourcecode.swift; path = SceneDelegate.swift; sourceTree = "<group>"; };
		447D441F2703377C00302C5B /* MainViewController.swift */ = {isa = PBXFileReference; lastKnownFileType = sourcecode.swift; path = MainViewController.swift; sourceTree = "<group>"; };
		447D44222703377C00302C5B /* Base */ = {isa = PBXFileReference; lastKnownFileType = file.storyboard; name = Base; path = Base.lproj/Main.storyboard; sourceTree = "<group>"; };
		447D44242703378100302C5B /* Assets.xcassets */ = {isa = PBXFileReference; lastKnownFileType = folder.assetcatalog; path = Assets.xcassets; sourceTree = "<group>"; };
		447D44272703378100302C5B /* Base */ = {isa = PBXFileReference; lastKnownFileType = file.storyboard; name = Base; path = Base.lproj/LaunchScreen.storyboard; sourceTree = "<group>"; };
		447D44292703378100302C5B /* Info.plist */ = {isa = PBXFileReference; lastKnownFileType = text.plist.xml; path = Info.plist; sourceTree = "<group>"; };
		447D443327044C5900302C5B /* CurrentWeatherData.swift */ = {isa = PBXFileReference; lastKnownFileType = sourcecode.swift; path = CurrentWeatherData.swift; sourceTree = "<group>"; };
		447D44362704858A00302C5B /* UIView+Extension.swift */ = {isa = PBXFileReference; lastKnownFileType = sourcecode.swift; path = "UIView+Extension.swift"; sourceTree = "<group>"; };
		447D44382704A5DD00302C5B /* SettingsViewController.swift */ = {isa = PBXFileReference; lastKnownFileType = sourcecode.swift; path = SettingsViewController.swift; sourceTree = "<group>"; };
		448170B0271B5F1300EF52C6 /* WeatherViewByDay.xib */ = {isa = PBXFileReference; lastKnownFileType = file.xib; path = WeatherViewByDay.xib; sourceTree = "<group>"; };
		448170B2271B5F4000EF52C6 /* WeatherViewByDay.swift */ = {isa = PBXFileReference; lastKnownFileType = sourcecode.swift; path = WeatherViewByDay.swift; sourceTree = "<group>"; };
		448170B4271B6D5500EF52C6 /* WeatherViewByTime.swift */ = {isa = PBXFileReference; lastKnownFileType = sourcecode.swift; path = WeatherViewByTime.swift; sourceTree = "<group>"; };
		448170B6271B6D7000EF52C6 /* WeatherViewByTime.xib */ = {isa = PBXFileReference; lastKnownFileType = file.xib; path = WeatherViewByTime.xib; sourceTree = "<group>"; };
		448170B8271C440700EF52C6 /* LeftView.xib */ = {isa = PBXFileReference; lastKnownFileType = file.xib; path = LeftView.xib; sourceTree = "<group>"; };
		448170BA271C442300EF52C6 /* LeftView.swift */ = {isa = PBXFileReference; lastKnownFileType = sourcecode.swift; path = LeftView.swift; sourceTree = "<group>"; };
		448170BC271C49AE00EF52C6 /* RightView.swift */ = {isa = PBXFileReference; lastKnownFileType = sourcecode.swift; path = RightView.swift; sourceTree = "<group>"; };
		448170BE271C49D300EF52C6 /* RightView.xib */ = {isa = PBXFileReference; lastKnownFileType = file.xib; path = RightView.xib; sourceTree = "<group>"; };
		448170C0271E155E00EF52C6 /* CurrentWeatherCoordinate.swift */ = {isa = PBXFileReference; lastKnownFileType = sourcecode.swift; path = CurrentWeatherCoordinate.swift; sourceTree = "<group>"; };
		448170C2271F0BC900EF52C6 /* MainViewController+alertController.swift */ = {isa = PBXFileReference; lastKnownFileType = sourcecode.swift; path = "MainViewController+alertController.swift"; sourceTree = "<group>"; };
		44AA76112705287700BD27FA /* LocationViewController+Extension.swift */ = {isa = PBXFileReference; lastKnownFileType = sourcecode.swift; path = "LocationViewController+Extension.swift"; sourceTree = "<group>"; };
		44AA76142705EA5800BD27FA /* CurrentWeather.swift */ = {isa = PBXFileReference; lastKnownFileType = sourcecode.swift; path = CurrentWeather.swift; sourceTree = "<group>"; };
		44B3553F2729EBD700C735D3 /* TopView.swift */ = {isa = PBXFileReference; lastKnownFileType = sourcecode.swift; path = TopView.swift; sourceTree = "<group>"; };
		44B355412729EBF000C735D3 /* TopView.xib */ = {isa = PBXFileReference; lastKnownFileType = file.xib; path = TopView.xib; sourceTree = "<group>"; };
		44B355432729EC4700C735D3 /* BottomView.swift */ = {isa = PBXFileReference; lastKnownFileType = sourcecode.swift; path = BottomView.swift; sourceTree = "<group>"; };
		44B355452729EC5600C735D3 /* BottomView.xib */ = {isa = PBXFileReference; lastKnownFileType = file.xib; path = BottomView.xib; sourceTree = "<group>"; };
		44D96096271833CA00089C29 /* LocationTableViewCell.swift */ = {isa = PBXFileReference; lastKnownFileType = sourcecode.swift; path = LocationTableViewCell.swift; sourceTree = "<group>"; };
		44D96097271833CA00089C29 /* LocationTableViewCell.xib */ = {isa = PBXFileReference; lastKnownFileType = file.xib; path = LocationTableViewCell.xib; sourceTree = "<group>"; };
		44E55C51270C4BF4009EF745 /* NetworkWeatherManager.swift */ = {isa = PBXFileReference; lastKnownFileType = sourcecode.swift; path = NetworkWeatherManager.swift; sourceTree = "<group>"; };
		44E55C53270C4C49009EF745 /* Constants.swift */ = {isa = PBXFileReference; lastKnownFileType = sourcecode.swift; path = Constants.swift; sourceTree = "<group>"; };
		44E55C55270C6D66009EF745 /* MainViewController+Extension.swift */ = {isa = PBXFileReference; lastKnownFileType = sourcecode.swift; path = "MainViewController+Extension.swift"; sourceTree = "<group>"; };
		44E55C57270C8662009EF745 /* ru */ = {isa = PBXFileReference; lastKnownFileType = text.plist.strings; name = ru; path = ru.lproj/Main.strings; sourceTree = "<group>"; };
		44E55C59270C86E0009EF745 /* en */ = {isa = PBXFileReference; lastKnownFileType = text.plist.strings; name = en; path = en.lproj/Main.strings; sourceTree = "<group>"; };
		44EE9CD02704DFB100E388AD /* MapViewController.swift */ = {isa = PBXFileReference; lastKnownFileType = sourcecode.swift; path = MapViewController.swift; sourceTree = "<group>"; };
		44EE9CD22704EEDB00E388AD /* LocationViewController.swift */ = {isa = PBXFileReference; lastKnownFileType = sourcecode.swift; path = LocationViewController.swift; sourceTree = "<group>"; };
/* End PBXFileReference section */

/* Begin PBXFrameworksBuildPhase section */
		447D44152703377B00302C5B /* Frameworks */ = {
			isa = PBXFrameworksBuildPhase;
			buildActionMask = 2147483647;
			files = (
				448170C82728A8B000EF52C6 /* RxSwift in Frameworks */,
			);
			runOnlyForDeploymentPostprocessing = 0;
		};
/* End PBXFrameworksBuildPhase section */

/* Begin PBXGroup section */
		447D440F2703377B00302C5B = {
			isa = PBXGroup;
			children = (
				447D441A2703377B00302C5B /* WeatherApp */,
				447D44192703377B00302C5B /* Products */,
			);
			sourceTree = "<group>";
		};
		447D44192703377B00302C5B /* Products */ = {
			isa = PBXGroup;
			children = (
				447D44182703377B00302C5B /* WeatherApp.app */,
			);
			name = Products;
			sourceTree = "<group>";
		};
		447D441A2703377B00302C5B /* WeatherApp */ = {
			isa = PBXGroup;
			children = (
				448170A52719A06A00EF52C6 /* Xib */,
				447D44352704856300302C5B /* Extension */,
				447D44322703458900302C5B /* Model */,
				447D44302703454200302C5B /* Views */,
				447D44312703457000302C5B /* Controllers */,
				447D442F270344C500302C5B /* SupportingFiles */,
			);
			path = WeatherApp;
			sourceTree = "<group>";
		};
		447D442F270344C500302C5B /* SupportingFiles */ = {
			isa = PBXGroup;
			children = (
				447D441B2703377C00302C5B /* AppDelegate.swift */,
				447D441D2703377C00302C5B /* SceneDelegate.swift */,
				447D44242703378100302C5B /* Assets.xcassets */,
				447D44292703378100302C5B /* Info.plist */,
			);
			path = SupportingFiles;
			sourceTree = "<group>";
		};
		447D44302703454200302C5B /* Views */ = {
			isa = PBXGroup;
			children = (
				447D44212703377C00302C5B /* Main.storyboard */,
				447D44262703378100302C5B /* LaunchScreen.storyboard */,
			);
			path = Views;
			sourceTree = "<group>";
		};
		447D44312703457000302C5B /* Controllers */ = {
			isa = PBXGroup;
			children = (
				44B35547272AC24F00C735D3 /* Cell */,
				447D441F2703377C00302C5B /* MainViewController.swift */,
				447D44382704A5DD00302C5B /* SettingsViewController.swift */,
				44EE9CD02704DFB100E388AD /* MapViewController.swift */,
				44EE9CD22704EEDB00E388AD /* LocationViewController.swift */,
			);
			path = Controllers;
			sourceTree = "<group>";
		};
		447D44322703458900302C5B /* Model */ = {
			isa = PBXGroup;
			children = (
				448170C0271E155E00EF52C6 /* CurrentWeatherCoordinate.swift */,
				447D443327044C5900302C5B /* CurrentWeatherData.swift */,
				44AA76142705EA5800BD27FA /* CurrentWeather.swift */,
				44E55C51270C4BF4009EF745 /* NetworkWeatherManager.swift */,
				44E55C53270C4C49009EF745 /* Constants.swift */,
			);
			path = Model;
			sourceTree = "<group>";
		};
		447D44352704856300302C5B /* Extension */ = {
			isa = PBXGroup;
			children = (
				447D44362704858A00302C5B /* UIView+Extension.swift */,
				44AA76112705287700BD27FA /* LocationViewController+Extension.swift */,
				44E55C55270C6D66009EF745 /* MainViewController+Extension.swift */,
				448170C2271F0BC900EF52C6 /* MainViewController+alertController.swift */,
			);
			path = Extension;
			sourceTree = "<group>";
		};
		448170A52719A06A00EF52C6 /* Xib */ = {
			isa = PBXGroup;
			children = (
				44B3553F2729EBD700C735D3 /* TopView.swift */,
				44B355412729EBF000C735D3 /* TopView.xib */,
				44B355432729EC4700C735D3 /* BottomView.swift */,
				44B355452729EC5600C735D3 /* BottomView.xib */,
				448170BA271C442300EF52C6 /* LeftView.swift */,
				448170B8271C440700EF52C6 /* LeftView.xib */,
				448170BC271C49AE00EF52C6 /* RightView.swift */,
				448170BE271C49D300EF52C6 /* RightView.xib */,
				448170B2271B5F4000EF52C6 /* WeatherViewByDay.swift */,
				448170B0271B5F1300EF52C6 /* WeatherViewByDay.xib */,
				448170B4271B6D5500EF52C6 /* WeatherViewByTime.swift */,
				448170B6271B6D7000EF52C6 /* WeatherViewByTime.xib */,
			);
			path = Xib;
			sourceTree = "<group>";
		};
		44B35547272AC24F00C735D3 /* Cell */ = {
			isa = PBXGroup;
			children = (
				44D96096271833CA00089C29 /* LocationTableViewCell.swift */,
				44D96097271833CA00089C29 /* LocationTableViewCell.xib */,
			);
			path = Cell;
			sourceTree = "<group>";
		};
/* End PBXGroup section */

/* Begin PBXNativeTarget section */
		447D44172703377B00302C5B /* WeatherApp */ = {
			isa = PBXNativeTarget;
			buildConfigurationList = 447D442C2703378100302C5B /* Build configuration list for PBXNativeTarget "WeatherApp" */;
			buildPhases = (
				447D44142703377B00302C5B /* Sources */,
				447D44152703377B00302C5B /* Frameworks */,
				447D44162703377B00302C5B /* Resources */,
			);
			buildRules = (
			);
			dependencies = (
			);
			name = WeatherApp;
			packageProductDependencies = (
				448170C72728A8B000EF52C6 /* RxSwift */,
			);
			productName = WeatherApp;
			productReference = 447D44182703377B00302C5B /* WeatherApp.app */;
			productType = "com.apple.product-type.application";
		};
/* End PBXNativeTarget section */

/* Begin PBXProject section */
		447D44102703377B00302C5B /* Project object */ = {
			isa = PBXProject;
			attributes = {
				BuildIndependentTargetsInParallel = 1;
				LastSwiftUpdateCheck = 1300;
				LastUpgradeCheck = 1300;
				TargetAttributes = {
					447D44172703377B00302C5B = {
						CreatedOnToolsVersion = 13.0;
					};
				};
			};
			buildConfigurationList = 447D44132703377B00302C5B /* Build configuration list for PBXProject "WeatherApp" */;
			compatibilityVersion = "Xcode 13.0";
			developmentRegion = en;
			hasScannedForEncodings = 0;
			knownRegions = (
				en,
				Base,
				ru,
			);
			mainGroup = 447D440F2703377B00302C5B;
			packageReferences = (
				448170C62728A8B000EF52C6 /* XCRemoteSwiftPackageReference "RxSwift" */,
			);
			productRefGroup = 447D44192703377B00302C5B /* Products */;
			projectDirPath = "";
			projectRoot = "";
			targets = (
				447D44172703377B00302C5B /* WeatherApp */,
			);
		};
/* End PBXProject section */

/* Begin PBXResourcesBuildPhase section */
		447D44162703377B00302C5B /* Resources */ = {
			isa = PBXResourcesBuildPhase;
			buildActionMask = 2147483647;
			files = (
				448170B1271B5F1300EF52C6 /* WeatherViewByDay.xib in Resources */,
				448170B9271C440700EF52C6 /* LeftView.xib in Resources */,
				448170B7271B6D7000EF52C6 /* WeatherViewByTime.xib in Resources */,
				44B355422729EBF000C735D3 /* TopView.xib in Resources */,
				447D44282703378100302C5B /* LaunchScreen.storyboard in Resources */,
				447D44252703378100302C5B /* Assets.xcassets in Resources */,
				44D96099271833CA00089C29 /* LocationTableViewCell.xib in Resources */,
				44B355462729EC5600C735D3 /* BottomView.xib in Resources */,
				447D44232703377C00302C5B /* Main.storyboard in Resources */,
				448170BF271C49D300EF52C6 /* RightView.xib in Resources */,
			);
			runOnlyForDeploymentPostprocessing = 0;
		};
/* End PBXResourcesBuildPhase section */

/* Begin PBXSourcesBuildPhase section */
		447D44142703377B00302C5B /* Sources */ = {
			isa = PBXSourcesBuildPhase;
			buildActionMask = 2147483647;
			files = (
				447D44202703377C00302C5B /* MainViewController.swift in Sources */,
				447D441C2703377C00302C5B /* AppDelegate.swift in Sources */,
				44AA76122705287700BD27FA /* LocationViewController+Extension.swift in Sources */,
				448170BB271C442300EF52C6 /* LeftView.swift in Sources */,
				447D443427044C5900302C5B /* CurrentWeatherData.swift in Sources */,
				447D44372704858A00302C5B /* UIView+Extension.swift in Sources */,
				447D441E2703377C00302C5B /* SceneDelegate.swift in Sources */,
				44B355402729EBD700C735D3 /* TopView.swift in Sources */,
				44AA76152705EA5800BD27FA /* CurrentWeather.swift in Sources */,
				448170B5271B6D5500EF52C6 /* WeatherViewByTime.swift in Sources */,
				448170B3271B5F4000EF52C6 /* WeatherViewByDay.swift in Sources */,
				447D44392704A5DD00302C5B /* SettingsViewController.swift in Sources */,
				44D96098271833CA00089C29 /* LocationTableViewCell.swift in Sources */,
				44EE9CD12704DFB100E388AD /* MapViewController.swift in Sources */,
				44EE9CD32704EEDB00E388AD /* LocationViewController.swift in Sources */,
				44B355442729EC4700C735D3 /* BottomView.swift in Sources */,
				448170C3271F0BC900EF52C6 /* MainViewController+alertController.swift in Sources */,
				44E55C52270C4BF4009EF745 /* NetworkWeatherManager.swift in Sources */,
				44E55C54270C4C49009EF745 /* Constants.swift in Sources */,
				448170C1271E155E00EF52C6 /* CurrentWeatherCoordinate.swift in Sources */,
				44E55C56270C6D66009EF745 /* MainViewController+Extension.swift in Sources */,
				448170BD271C49AE00EF52C6 /* RightView.swift in Sources */,
			);
			runOnlyForDeploymentPostprocessing = 0;
		};
/* End PBXSourcesBuildPhase section */

/* Begin PBXVariantGroup section */
		447D44212703377C00302C5B /* Main.storyboard */ = {
			isa = PBXVariantGroup;
			children = (
				447D44222703377C00302C5B /* Base */,
				44E55C57270C8662009EF745 /* ru */,
				44E55C59270C86E0009EF745 /* en */,
			);
			name = Main.storyboard;
			sourceTree = "<group>";
		};
		447D44262703378100302C5B /* LaunchScreen.storyboard */ = {
			isa = PBXVariantGroup;
			children = (
				447D44272703378100302C5B /* Base */,
			);
			name = LaunchScreen.storyboard;
			sourceTree = "<group>";
		};
/* End PBXVariantGroup section */

/* Begin XCBuildConfiguration section */
		447D442A2703378100302C5B /* Debug */ = {
			isa = XCBuildConfiguration;
			buildSettings = {
				ALWAYS_SEARCH_USER_PATHS = NO;
				CLANG_ANALYZER_LOCALIZABILITY_NONLOCALIZED = YES;
				CLANG_ANALYZER_NONNULL = YES;
				CLANG_ANALYZER_NUMBER_OBJECT_CONVERSION = YES_AGGRESSIVE;
				CLANG_CXX_LANGUAGE_STANDARD = "gnu++17";
				CLANG_CXX_LIBRARY = "libc++";
				CLANG_ENABLE_MODULES = YES;
				CLANG_ENABLE_OBJC_ARC = YES;
				CLANG_ENABLE_OBJC_WEAK = YES;
				CLANG_WARN_BLOCK_CAPTURE_AUTORELEASING = YES;
				CLANG_WARN_BOOL_CONVERSION = YES;
				CLANG_WARN_COMMA = YES;
				CLANG_WARN_CONSTANT_CONVERSION = YES;
				CLANG_WARN_DEPRECATED_OBJC_IMPLEMENTATIONS = YES;
				CLANG_WARN_DIRECT_OBJC_ISA_USAGE = YES_ERROR;
				CLANG_WARN_DOCUMENTATION_COMMENTS = YES;
				CLANG_WARN_EMPTY_BODY = YES;
				CLANG_WARN_ENUM_CONVERSION = YES;
				CLANG_WARN_INFINITE_RECURSION = YES;
				CLANG_WARN_INT_CONVERSION = YES;
				CLANG_WARN_NON_LITERAL_NULL_CONVERSION = YES;
				CLANG_WARN_OBJC_IMPLICIT_RETAIN_SELF = YES;
				CLANG_WARN_OBJC_LITERAL_CONVERSION = YES;
				CLANG_WARN_OBJC_ROOT_CLASS = YES_ERROR;
				CLANG_WARN_QUOTED_INCLUDE_IN_FRAMEWORK_HEADER = YES;
				CLANG_WARN_RANGE_LOOP_ANALYSIS = YES;
				CLANG_WARN_STRICT_PROTOTYPES = YES;
				CLANG_WARN_SUSPICIOUS_MOVE = YES;
				CLANG_WARN_UNGUARDED_AVAILABILITY = YES_AGGRESSIVE;
				CLANG_WARN_UNREACHABLE_CODE = YES;
				CLANG_WARN__DUPLICATE_METHOD_MATCH = YES;
				COPY_PHASE_STRIP = NO;
				DEBUG_INFORMATION_FORMAT = dwarf;
				ENABLE_STRICT_OBJC_MSGSEND = YES;
				ENABLE_TESTABILITY = YES;
				GCC_C_LANGUAGE_STANDARD = gnu11;
				GCC_DYNAMIC_NO_PIC = NO;
				GCC_NO_COMMON_BLOCKS = YES;
				GCC_OPTIMIZATION_LEVEL = 0;
				GCC_PREPROCESSOR_DEFINITIONS = (
					"DEBUG=1",
					"$(inherited)",
				);
				GCC_WARN_64_TO_32_BIT_CONVERSION = YES;
				GCC_WARN_ABOUT_RETURN_TYPE = YES_ERROR;
				GCC_WARN_UNDECLARED_SELECTOR = YES;
				GCC_WARN_UNINITIALIZED_AUTOS = YES_AGGRESSIVE;
				GCC_WARN_UNUSED_FUNCTION = YES;
				GCC_WARN_UNUSED_VARIABLE = YES;
				IPHONEOS_DEPLOYMENT_TARGET = 15.0;
				MTL_ENABLE_DEBUG_INFO = INCLUDE_SOURCE;
				MTL_FAST_MATH = YES;
				ONLY_ACTIVE_ARCH = YES;
				SDKROOT = iphoneos;
				SWIFT_ACTIVE_COMPILATION_CONDITIONS = DEBUG;
				SWIFT_OPTIMIZATION_LEVEL = "-Onone";
			};
			name = Debug;
		};
		447D442B2703378100302C5B /* Release */ = {
			isa = XCBuildConfiguration;
			buildSettings = {
				ALWAYS_SEARCH_USER_PATHS = NO;
				CLANG_ANALYZER_LOCALIZABILITY_NONLOCALIZED = YES;
				CLANG_ANALYZER_NONNULL = YES;
				CLANG_ANALYZER_NUMBER_OBJECT_CONVERSION = YES_AGGRESSIVE;
				CLANG_CXX_LANGUAGE_STANDARD = "gnu++17";
				CLANG_CXX_LIBRARY = "libc++";
				CLANG_ENABLE_MODULES = YES;
				CLANG_ENABLE_OBJC_ARC = YES;
				CLANG_ENABLE_OBJC_WEAK = YES;
				CLANG_WARN_BLOCK_CAPTURE_AUTORELEASING = YES;
				CLANG_WARN_BOOL_CONVERSION = YES;
				CLANG_WARN_COMMA = YES;
				CLANG_WARN_CONSTANT_CONVERSION = YES;
				CLANG_WARN_DEPRECATED_OBJC_IMPLEMENTATIONS = YES;
				CLANG_WARN_DIRECT_OBJC_ISA_USAGE = YES_ERROR;
				CLANG_WARN_DOCUMENTATION_COMMENTS = YES;
				CLANG_WARN_EMPTY_BODY = YES;
				CLANG_WARN_ENUM_CONVERSION = YES;
				CLANG_WARN_INFINITE_RECURSION = YES;
				CLANG_WARN_INT_CONVERSION = YES;
				CLANG_WARN_NON_LITERAL_NULL_CONVERSION = YES;
				CLANG_WARN_OBJC_IMPLICIT_RETAIN_SELF = YES;
				CLANG_WARN_OBJC_LITERAL_CONVERSION = YES;
				CLANG_WARN_OBJC_ROOT_CLASS = YES_ERROR;
				CLANG_WARN_QUOTED_INCLUDE_IN_FRAMEWORK_HEADER = YES;
				CLANG_WARN_RANGE_LOOP_ANALYSIS = YES;
				CLANG_WARN_STRICT_PROTOTYPES = YES;
				CLANG_WARN_SUSPICIOUS_MOVE = YES;
				CLANG_WARN_UNGUARDED_AVAILABILITY = YES_AGGRESSIVE;
				CLANG_WARN_UNREACHABLE_CODE = YES;
				CLANG_WARN__DUPLICATE_METHOD_MATCH = YES;
				COPY_PHASE_STRIP = NO;
				DEBUG_INFORMATION_FORMAT = "dwarf-with-dsym";
				ENABLE_NS_ASSERTIONS = NO;
				ENABLE_STRICT_OBJC_MSGSEND = YES;
				GCC_C_LANGUAGE_STANDARD = gnu11;
				GCC_NO_COMMON_BLOCKS = YES;
				GCC_WARN_64_TO_32_BIT_CONVERSION = YES;
				GCC_WARN_ABOUT_RETURN_TYPE = YES_ERROR;
				GCC_WARN_UNDECLARED_SELECTOR = YES;
				GCC_WARN_UNINITIALIZED_AUTOS = YES_AGGRESSIVE;
				GCC_WARN_UNUSED_FUNCTION = YES;
				GCC_WARN_UNUSED_VARIABLE = YES;
				IPHONEOS_DEPLOYMENT_TARGET = 15.0;
				MTL_ENABLE_DEBUG_INFO = NO;
				MTL_FAST_MATH = YES;
				SDKROOT = iphoneos;
				SWIFT_COMPILATION_MODE = wholemodule;
				SWIFT_OPTIMIZATION_LEVEL = "-O";
				VALIDATE_PRODUCT = YES;
			};
			name = Release;
		};
		447D442D2703378100302C5B /* Debug */ = {
			isa = XCBuildConfiguration;
			buildSettings = {
				ASSETCATALOG_COMPILER_APPICON_NAME = AppIcon;
				ASSETCATALOG_COMPILER_GLOBAL_ACCENT_COLOR_NAME = AccentColor;
				CODE_SIGN_STYLE = Automatic;
				CURRENT_PROJECT_VERSION = 1;
				DEVELOPMENT_TEAM = 84N4PJWN7L;
				GENERATE_INFOPLIST_FILE = YES;
				INFOPLIST_FILE = WeatherApp/SupportingFiles/Info.plist;
				INFOPLIST_KEY_NSLocationAlwaysAndWhenInUseUsageDescription = "We need your location data to provide weather information.";
				INFOPLIST_KEY_NSLocationWhenInUseUsageDescription = "We need your location data to provide weather information.";
				INFOPLIST_KEY_UIApplicationSupportsIndirectInputEvents = YES;
				INFOPLIST_KEY_UILaunchStoryboardName = LaunchScreen;
				INFOPLIST_KEY_UIMainStoryboardFile = Main;
				INFOPLIST_KEY_UISupportedInterfaceOrientations = "";
				INFOPLIST_KEY_UISupportedInterfaceOrientations_iPad = "UIInterfaceOrientationPortrait UIInterfaceOrientationPortraitUpsideDown UIInterfaceOrientationLandscapeLeft UIInterfaceOrientationLandscapeRight";
				INFOPLIST_KEY_UISupportedInterfaceOrientations_iPhone = "UIInterfaceOrientationPortrait UIInterfaceOrientationLandscapeLeft UIInterfaceOrientationLandscapeRight";
				LD_RUNPATH_SEARCH_PATHS = (
					"$(inherited)",
					"@executable_path/Frameworks",
				);
				MARKETING_VERSION = 1.0;
				PRODUCT_BUNDLE_IDENTIFIER = "Nikita-Kogolenok.WeatherApp1";
				PRODUCT_NAME = "$(TARGET_NAME)";
				SWIFT_EMIT_LOC_STRINGS = YES;
				SWIFT_VERSION = 5.0;
				TARGETED_DEVICE_FAMILY = "1,2";
			};
			name = Debug;
		};
		447D442E2703378100302C5B /* Release */ = {
			isa = XCBuildConfiguration;
			buildSettings = {
				ASSETCATALOG_COMPILER_APPICON_NAME = AppIcon;
				ASSETCATALOG_COMPILER_GLOBAL_ACCENT_COLOR_NAME = AccentColor;
				CODE_SIGN_STYLE = Automatic;
				CURRENT_PROJECT_VERSION = 1;
				DEVELOPMENT_TEAM = 84N4PJWN7L;
				GENERATE_INFOPLIST_FILE = YES;
				INFOPLIST_FILE = WeatherApp/SupportingFiles/Info.plist;
				INFOPLIST_KEY_NSLocationAlwaysAndWhenInUseUsageDescription = "We need your location data to provide weather information.";
				INFOPLIST_KEY_NSLocationWhenInUseUsageDescription = "We need your location data to provide weather information.";
				INFOPLIST_KEY_UIApplicationSupportsIndirectInputEvents = YES;
				INFOPLIST_KEY_UILaunchStoryboardName = LaunchScreen;
				INFOPLIST_KEY_UIMainStoryboardFile = Main;
				INFOPLIST_KEY_UISupportedInterfaceOrientations = "";
				INFOPLIST_KEY_UISupportedInterfaceOrientations_iPad = "UIInterfaceOrientationPortrait UIInterfaceOrientationPortraitUpsideDown UIInterfaceOrientationLandscapeLeft UIInterfaceOrientationLandscapeRight";
				INFOPLIST_KEY_UISupportedInterfaceOrientations_iPhone = "UIInterfaceOrientationPortrait UIInterfaceOrientationLandscapeLeft UIInterfaceOrientationLandscapeRight";
				LD_RUNPATH_SEARCH_PATHS = (
					"$(inherited)",
					"@executable_path/Frameworks",
				);
				MARKETING_VERSION = 1.0;
				PRODUCT_BUNDLE_IDENTIFIER = "Nikita-Kogolenok.WeatherApp1";
				PRODUCT_NAME = "$(TARGET_NAME)";
				SWIFT_EMIT_LOC_STRINGS = YES;
				SWIFT_VERSION = 5.0;
				TARGETED_DEVICE_FAMILY = "1,2";
			};
			name = Release;
		};
/* End XCBuildConfiguration section */

/* Begin XCConfigurationList section */
		447D44132703377B00302C5B /* Build configuration list for PBXProject "WeatherApp" */ = {
			isa = XCConfigurationList;
			buildConfigurations = (
				447D442A2703378100302C5B /* Debug */,
				447D442B2703378100302C5B /* Release */,
			);
			defaultConfigurationIsVisible = 0;
			defaultConfigurationName = Release;
		};
		447D442C2703378100302C5B /* Build configuration list for PBXNativeTarget "WeatherApp" */ = {
			isa = XCConfigurationList;
			buildConfigurations = (
				447D442D2703378100302C5B /* Debug */,
				447D442E2703378100302C5B /* Release */,
			);
			defaultConfigurationIsVisible = 0;
			defaultConfigurationName = Release;
		};
/* End XCConfigurationList section */

/* Begin XCRemoteSwiftPackageReference section */
		448170C62728A8B000EF52C6 /* XCRemoteSwiftPackageReference "RxSwift" */ = {
			isa = XCRemoteSwiftPackageReference;
			repositoryURL = "https://github.com/ReactiveX/RxSwift";
			requirement = {
				kind = upToNextMajorVersion;
				minimumVersion = 6.0.0;
			};
		};
/* End XCRemoteSwiftPackageReference section */

/* Begin XCSwiftPackageProductDependency section */
		448170C72728A8B000EF52C6 /* RxSwift */ = {
			isa = XCSwiftPackageProductDependency;
			package = 448170C62728A8B000EF52C6 /* XCRemoteSwiftPackageReference "RxSwift" */;
			productName = RxSwift;
		};
/* End XCSwiftPackageProductDependency section */
	};
	rootObject = 447D44102703377B00302C5B /* Project object */;
}
